
Microsoft Visual Studio Solution File, Format Version 12.00
# Visual Studio Version 17
VisualStudioVersion = 17.6.33829.357
MinimumVisualStudioVersion = 10.0.40219.1
Project("{FAE04EC0-301F-11D3-BF4B-00C04F79EFBC}") = "OnTapCuoiKiChieuT6", "OnTapCuoiKiChieuT6\OnTapCuoiKiChieuT6.csproj", "{5EDA7379-D5D6-4A8A-8764-FE77FE5DA1CC}"
EndProject
Global
	GlobalSection(SolutionConfigurationPlatforms) = preSolution
		Debug|Any CPU = Debug|Any CPU
		Release|Any CPU = Release|Any CPU
	EndGlobalSection
	GlobalSection(ProjectConfigurationPlatforms) = postSolution
		{5EDA7379-D5D6-4A8A-8764-FE77FE5DA1CC}.Debug|Any CPU.ActiveCfg = Debug|Any CPU
		{5EDA7379-D5D6-4A8A-8764-FE77FE5DA1CC}.Debug|Any CPU.Build.0 = Debug|Any CPU
		{5EDA7379-D5D6-4A8A-8764-FE77FE5DA1CC}.Release|Any CPU.ActiveCfg = Release|Any CPU
		{5EDA7379-D5D6-4A8A-8764-FE77FE5DA1CC}.Release|Any CPU.Build.0 = Release|Any CPU
	EndGlobalSection
	GlobalSection(SolutionProperties) = preSolution
		HideSolutionNode = FALSE
	EndGlobalSection
	GlobalSection(ExtensibilityGlobals) = postSolution
		SolutionGuid = {BF1E154A-22FC-4C5E-9C09-D178202FE075}
	EndGlobalSection
EndGlobal
